
Microsoft Visual Studio Solution File, Format Version 12.00
# Visual Studio 15
VisualStudioVersion = 15.0.27130.2027
MinimumVisualStudioVersion = 10.0.40219.1
Project("{FAE04EC0-301F-11D3-BF4B-00C04F79EFBC}") = "SwearingIsFun", "SwearingIsFun\SwearingIsFun.csproj", "{969321E4-0552-43EA-A112-EA3C570BBFBC}"
EndProject
Project("{FAE04EC0-301F-11D3-BF4B-00C04F79EFBC}") = "SwearingIsFun.Library", "SwearingIsFun.Library\SwearingIsFun.Library.csproj", "{0ED456FB-C74D-4CB4-BB6D-C4447826305E}"
EndProject
Project("{FAE04EC0-301F-11D3-BF4B-00C04F79EFBC}") = "SwearingIsFun.Test", "SwearingIsFun.Test\SwearingIsFun.Test.csproj", "{3A9F9D73-EB26-4A8D-BF3F-17D2D7DEADE0}"
EndProject
Global
	GlobalSection(SolutionConfigurationPlatforms) = preSolution
		Debug|Any CPU = Debug|Any CPU
		Release|Any CPU = Release|Any CPU
	EndGlobalSection
	GlobalSection(ProjectConfigurationPlatforms) = postSolution
		{969321E4-0552-43EA-A112-EA3C570BBFBC}.Debug|Any CPU.ActiveCfg = Debug|Any CPU
		{969321E4-0552-43EA-A112-EA3C570BBFBC}.Debug|Any CPU.Build.0 = Debug|Any CPU
		{969321E4-0552-43EA-A112-EA3C570BBFBC}.Release|Any CPU.ActiveCfg = Release|Any CPU
		{969321E4-0552-43EA-A112-EA3C570BBFBC}.Release|Any CPU.Build.0 = Release|Any CPU
		{0ED456FB-C74D-4CB4-BB6D-C4447826305E}.Debug|Any CPU.ActiveCfg = Debug|Any CPU
		{0ED456FB-C74D-4CB4-BB6D-C4447826305E}.Debug|Any CPU.Build.0 = Debug|Any CPU
		{0ED456FB-C74D-4CB4-BB6D-C4447826305E}.Release|Any CPU.ActiveCfg = Release|Any CPU
		{0ED456FB-C74D-4CB4-BB6D-C4447826305E}.Release|Any CPU.Build.0 = Release|Any CPU
		{3A9F9D73-EB26-4A8D-BF3F-17D2D7DEADE0}.Debug|Any CPU.ActiveCfg = Debug|Any CPU
		{3A9F9D73-EB26-4A8D-BF3F-17D2D7DEADE0}.Debug|Any CPU.Build.0 = Debug|Any CPU
		{3A9F9D73-EB26-4A8D-BF3F-17D2D7DEADE0}.Release|Any CPU.ActiveCfg = Release|Any CPU
		{3A9F9D73-EB26-4A8D-BF3F-17D2D7DEADE0}.Release|Any CPU.Build.0 = Release|Any CPU
	EndGlobalSection
	GlobalSection(SolutionProperties) = preSolution
		HideSolutionNode = FALSE
	EndGlobalSection
	GlobalSection(ExtensibilityGlobals) = postSolution
		SolutionGuid = {2DEC0E1A-D2E2-47DA-ADF5-35FDCEBAF8A3}
	EndGlobalSection
EndGlobal
